
Microsoft Visual Studio Solution File, Format Version 12.00
# Visual Studio Version 17
VisualStudioVersion = 17.0.31903.59
MinimumVisualStudioVersion = 10.0.40219.1
Project("{FAE04EC0-301F-11D3-BF4B-00C04F79EFBC}") = "ToyApp.Core", "ToyApp.Core\ToyApp.Core.csproj", "{51FDB37A-AAB0-4109-86A8-C202991B17BF}"
EndProject
Project("{FAE04EC0-301F-11D3-BF4B-00C04F79EFBC}") = "ToyApp.API", "ToyApp.API\ToyApp.API.csproj", "{3AEC5368-C87B-435D-9979-DF03DAC38787}"
EndProject
Project("{FAE04EC0-301F-11D3-BF4B-00C04F79EFBC}") = "ToyApp.Infrastructure", "ToyApp.Infrastructure\ToyApp.Infrastructure.csproj", "{E525D58E-A792-4F35-8F1C-F633625ADF71}"
EndProject
Global
	GlobalSection(SolutionConfigurationPlatforms) = preSolution
		Debug|Any CPU = Debug|Any CPU
		Release|Any CPU = Release|Any CPU
	EndGlobalSection
	GlobalSection(SolutionProperties) = preSolution
		HideSolutionNode = FALSE
	EndGlobalSection
	GlobalSection(ProjectConfigurationPlatforms) = postSolution
		{51FDB37A-AAB0-4109-86A8-C202991B17BF}.Debug|Any CPU.ActiveCfg = Debug|Any CPU
		{51FDB37A-AAB0-4109-86A8-C202991B17BF}.Debug|Any CPU.Build.0 = Debug|Any CPU
		{51FDB37A-AAB0-4109-86A8-C202991B17BF}.Release|Any CPU.ActiveCfg = Release|Any CPU
		{51FDB37A-AAB0-4109-86A8-C202991B17BF}.Release|Any CPU.Build.0 = Release|Any CPU
		{3AEC5368-C87B-435D-9979-DF03DAC38787}.Debug|Any CPU.ActiveCfg = Debug|Any CPU
		{3AEC5368-C87B-435D-9979-DF03DAC38787}.Debug|Any CPU.Build.0 = Debug|Any CPU
		{3AEC5368-C87B-435D-9979-DF03DAC38787}.Release|Any CPU.ActiveCfg = Release|Any CPU
		{3AEC5368-C87B-435D-9979-DF03DAC38787}.Release|Any CPU.Build.0 = Release|Any CPU
		{E525D58E-A792-4F35-8F1C-F633625ADF71}.Debug|Any CPU.ActiveCfg = Debug|Any CPU
		{E525D58E-A792-4F35-8F1C-F633625ADF71}.Debug|Any CPU.Build.0 = Debug|Any CPU
		{E525D58E-A792-4F35-8F1C-F633625ADF71}.Release|Any CPU.ActiveCfg = Release|Any CPU
		{E525D58E-A792-4F35-8F1C-F633625ADF71}.Release|Any CPU.Build.0 = Release|Any CPU
	EndGlobalSection
EndGlobal
